
Microsoft Visual Studio Solution File, Format Version 12.00
# Visual Studio Version 17
VisualStudioVersion = 17.8.34330.188
MinimumVisualStudioVersion = 10.0.40219.1
Project("{9A19103F-16F7-4668-BE54-9A1E7A4F7556}") = "Unidad_I", "Unidad_I\Unidad_I.csproj", "{0D4D7928-C49E-459D-A3DE-DB9A8D5CA151}"
EndProject
Project("{9A19103F-16F7-4668-BE54-9A1E7A4F7556}") = "Unidad_II_Clases", "Unidad_II_Clases\Unidad_II_Clases.csproj", "{6A0B626C-ACDC-4830-89A7-B22FCB92E43A}"
EndProject
Project("{9A19103F-16F7-4668-BE54-9A1E7A4F7556}") = "Unidad_II_Consola", "Unidad_II_Consola\Unidad_II_Consola.csproj", "{62EC19A2-3420-410A-A692-E3286FF5E171}"
EndProject
Project("{9A19103F-16F7-4668-BE54-9A1E7A4F7556}") = "Unidad_II_Controles", "Unidad_II_Controles\Unidad_II_Controles.csproj", "{C11163DA-D198-4043-9306-B11C34F99E4D}"
EndProject
Project("{9A19103F-16F7-4668-BE54-9A1E7A4F7556}") = "Unidad_II_Formularios", "Unidad_II_Formularios\Unidad_II_Formularios.csproj", "{1A90A6EB-0BE3-471B-9B24-5762DDA8E841}"
EndProject
Project("{9A19103F-16F7-4668-BE54-9A1E7A4F7556}") = "Unidad_III_Consola", "Unidad_III_Consola\Unidad_III_Consola.csproj", "{3394BB0D-94C5-4B25-8D94-3587D0DDB97B}"
EndProject
Project("{9A19103F-16F7-4668-BE54-9A1E7A4F7556}") = "Unidad_III_Formularios", "Unidad_III_Formularios\Unidad_III_Formularios.csproj", "{A0AF60FD-7EC9-46C0-9CC0-F41B8E929EF3}"
EndProject
Project("{FAE04EC0-301F-11D3-BF4B-00C04F79EFBC}") = "Unidad_IV_Formularios", "Unidad_IV_Formularios\Unidad_IV_Formularios.csproj", "{1C949287-F5F3-4A85-8A1B-D13AA444D4A0}"
EndProject
Global
	GlobalSection(SolutionConfigurationPlatforms) = preSolution
		Debug|Any CPU = Debug|Any CPU
		Release|Any CPU = Release|Any CPU
	EndGlobalSection
	GlobalSection(ProjectConfigurationPlatforms) = postSolution
		{0D4D7928-C49E-459D-A3DE-DB9A8D5CA151}.Debug|Any CPU.ActiveCfg = Debug|Any CPU
		{0D4D7928-C49E-459D-A3DE-DB9A8D5CA151}.Debug|Any CPU.Build.0 = Debug|Any CPU
		{0D4D7928-C49E-459D-A3DE-DB9A8D5CA151}.Release|Any CPU.ActiveCfg = Release|Any CPU
		{0D4D7928-C49E-459D-A3DE-DB9A8D5CA151}.Release|Any CPU.Build.0 = Release|Any CPU
		{6A0B626C-ACDC-4830-89A7-B22FCB92E43A}.Debug|Any CPU.ActiveCfg = Debug|Any CPU
		{6A0B626C-ACDC-4830-89A7-B22FCB92E43A}.Debug|Any CPU.Build.0 = Debug|Any CPU
		{6A0B626C-ACDC-4830-89A7-B22FCB92E43A}.Release|Any CPU.ActiveCfg = Release|Any CPU
		{6A0B626C-ACDC-4830-89A7-B22FCB92E43A}.Release|Any CPU.Build.0 = Release|Any CPU
		{62EC19A2-3420-410A-A692-E3286FF5E171}.Debug|Any CPU.ActiveCfg = Debug|Any CPU
		{62EC19A2-3420-410A-A692-E3286FF5E171}.Debug|Any CPU.Build.0 = Debug|Any CPU
		{62EC19A2-3420-410A-A692-E3286FF5E171}.Release|Any CPU.ActiveCfg = Release|Any CPU
		{62EC19A2-3420-410A-A692-E3286FF5E171}.Release|Any CPU.Build.0 = Release|Any CPU
		{C11163DA-D198-4043-9306-B11C34F99E4D}.Debug|Any CPU.ActiveCfg = Debug|Any CPU
		{C11163DA-D198-4043-9306-B11C34F99E4D}.Debug|Any CPU.Build.0 = Debug|Any CPU
		{C11163DA-D198-4043-9306-B11C34F99E4D}.Release|Any CPU.ActiveCfg = Release|Any CPU
		{C11163DA-D198-4043-9306-B11C34F99E4D}.Release|Any CPU.Build.0 = Release|Any CPU
		{1A90A6EB-0BE3-471B-9B24-5762DDA8E841}.Debug|Any CPU.ActiveCfg = Debug|Any CPU
		{1A90A6EB-0BE3-471B-9B24-5762DDA8E841}.Debug|Any CPU.Build.0 = Debug|Any CPU
		{1A90A6EB-0BE3-471B-9B24-5762DDA8E841}.Release|Any CPU.ActiveCfg = Release|Any CPU
		{1A90A6EB-0BE3-471B-9B24-5762DDA8E841}.Release|Any CPU.Build.0 = Release|Any CPU
		{3394BB0D-94C5-4B25-8D94-3587D0DDB97B}.Debug|Any CPU.ActiveCfg = Debug|Any CPU
		{3394BB0D-94C5-4B25-8D94-3587D0DDB97B}.Debug|Any CPU.Build.0 = Debug|Any CPU
		{3394BB0D-94C5-4B25-8D94-3587D0DDB97B}.Release|Any CPU.ActiveCfg = Release|Any CPU
		{3394BB0D-94C5-4B25-8D94-3587D0DDB97B}.Release|Any CPU.Build.0 = Release|Any CPU
		{A0AF60FD-7EC9-46C0-9CC0-F41B8E929EF3}.Debug|Any CPU.ActiveCfg = Debug|Any CPU
		{A0AF60FD-7EC9-46C0-9CC0-F41B8E929EF3}.Debug|Any CPU.Build.0 = Debug|Any CPU
		{A0AF60FD-7EC9-46C0-9CC0-F41B8E929EF3}.Release|Any CPU.ActiveCfg = Release|Any CPU
		{A0AF60FD-7EC9-46C0-9CC0-F41B8E929EF3}.Release|Any CPU.Build.0 = Release|Any CPU
		{1C949287-F5F3-4A85-8A1B-D13AA444D4A0}.Debug|Any CPU.ActiveCfg = Debug|Any CPU
		{1C949287-F5F3-4A85-8A1B-D13AA444D4A0}.Debug|Any CPU.Build.0 = Debug|Any CPU
		{1C949287-F5F3-4A85-8A1B-D13AA444D4A0}.Release|Any CPU.ActiveCfg = Release|Any CPU
		{1C949287-F5F3-4A85-8A1B-D13AA444D4A0}.Release|Any CPU.Build.0 = Release|Any CPU
	EndGlobalSection
	GlobalSection(SolutionProperties) = preSolution
		HideSolutionNode = FALSE
	EndGlobalSection
	GlobalSection(ExtensibilityGlobals) = postSolution
		SolutionGuid = {52026C2D-3A3C-4AA7-9E10-340DF29B79FF}
	EndGlobalSection
EndGlobal
